
Microsoft Visual Studio Solution File, Format Version 12.00
# Visual Studio Version 17
VisualStudioVersion = 17.13.35828.75 d17.13
MinimumVisualStudioVersion = 10.0.40219.1
Project("{FAE04EC0-301F-11D3-BF4B-00C04F79EFBC}") = "Homework_2_KB", "Homework_2_KB\Homework_2_KB.csproj", "{C7E30C1D-C16A-403C-9B5A-F1764E707CF5}"
EndProject
Global
	GlobalSection(SolutionConfigurationPlatforms) = preSolution
		Debug|Any CPU = Debug|Any CPU
		Release|Any CPU = Release|Any CPU
	EndGlobalSection
	GlobalSection(ProjectConfigurationPlatforms) = postSolution
		{C7E30C1D-C16A-403C-9B5A-F1764E707CF5}.Debug|Any CPU.ActiveCfg = Debug|Any CPU
		{C7E30C1D-C16A-403C-9B5A-F1764E707CF5}.Debug|Any CPU.Build.0 = Debug|Any CPU
		{C7E30C1D-C16A-403C-9B5A-F1764E707CF5}.Release|Any CPU.ActiveCfg = Release|Any CPU
		{C7E30C1D-C16A-403C-9B5A-F1764E707CF5}.Release|Any CPU.Build.0 = Release|Any CPU
	EndGlobalSection
	GlobalSection(SolutionProperties) = preSolution
		HideSolutionNode = FALSE
	EndGlobalSection
	GlobalSection(ExtensibilityGlobals) = postSolution
		SolutionGuid = {077C98CE-3C10-4E56-9D55-3FE1A174F500}
	EndGlobalSection
EndGlobal
